# This file is autogenerated, do not edit; changes may be undone by the next 'dep ensure'.


[[projects]]
  digest = "1:02f6306bd0da31a80531a4a90366893f74b5b973df3f61072cef0f653e86c3ac"
  name = "github.com/AlekSi/pointer"
  packages = ["."]
  pruneopts = "T"
  revision = "039be97b958cc3cbeb2329617d2e493bd2331fac"
  version = "v1.2.0"

[[projects]]
  digest = "1:126df3b337bc2b06a941537cbcedd2df1da1141f8e7c66991950b3ee72df56de"
  name = "github.com/armon/go-metrics"
  packages = ["."]
  pruneopts = "T"
  revision = "129ee86de65934631a7fdbeb8c5aa0ec08bfdb6c"
  version = "v0.4.0"

[[projects]]
  digest = "1:f29fab4b526564652e77cadf6a7e4d994acddd7150fa0752089052b4ab4e1810"
  name = "github.com/asaskevich/govalidator"
  packages = ["."]
  pruneopts = "T"
  revision = "f21760c49a8d602d863493de796926d2a5c1138d"
  version = "v11.0.1"

[[projects]]
  digest = "1:7871ccca8c877584eae83296da5c73d60e33f775a2576a0150260ea6d5fa3e42"
  name = "github.com/aws/aws-sdk-go"
  packages = [
    "aws",
    "aws/awserr",
    "aws/awsutil",
    "aws/client",
    "aws/client/metadata",
    "aws/corehandlers",
    "aws/credentials",
    "aws/credentials/ec2rolecreds",
    "aws/credentials/endpointcreds",
    "aws/credentials/processcreds",
    "aws/credentials/ssocreds",
    "aws/credentials/stscreds",
    "aws/csm",
    "aws/defaults",
    "aws/ec2metadata",
    "aws/endpoints",
    "aws/request",
    "aws/session",
    "aws/signer/v4",
    "internal/context",
    "internal/ini",
    "internal/sdkio",
    "internal/sdkmath",
    "internal/sdkrand",
    "internal/sdkuri",
    "internal/shareddefaults",
    "internal/strings",
    "internal/sync/singleflight",
    "private/protocol",
    "private/protocol/json/jsonutil",
    "private/protocol/jsonrpc",
    "private/protocol/query",
    "private/protocol/query/queryutil",
    "private/protocol/rest",
    "private/protocol/restjson",
    "private/protocol/xml/xmlutil",
    "service/rds",
    "service/sso",
    "service/sso/ssoiface",
    "service/sts",
    "service/sts/stsiface",
  ]
  pruneopts = "T"
  revision = "7e75455f655eb3e54b7cdc4e10dd3f20d98738c4"
  version = "v1.44.38"

[[projects]]
  digest = "1:26b8413f679cfec4c3a12f6597c8656f070587c8274c7a1a25bbea5eef716d46"
  name = "github.com/beorn7/perks"
  packages = ["quantile"]
  pruneopts = "T"
  revision = "37c8de3658fcb183f997c4e13e8337516ab753e6"
  version = "v1.0.1"

[[projects]]
  digest = "1:bfc80ce9d6d6fae20395c779d8c0d6b7bb29fa399ed3a1f62d5403bc61a327eb"
  name = "github.com/cespare/xxhash"
  packages = ["."]
  pruneopts = "T"
  revision = "e7a6b52374f7e2abfb8abb27249d53a1997b09a7"
  version = "v2.1.2"

[[projects]]
  digest = "1:9f42202ac457c462ad8bb9642806d275af9ab4850cf0b1960b9c6f083d4a309a"
  name = "github.com/davecgh/go-spew"
  packages = ["spew"]
  pruneopts = "T"
  revision = "8991bc29aa16c548c550c7ff78260e27b9ab7c73"
  version = "v1.1.1"

[[projects]]
  digest = "1:326938c8e0d8215755c86e58900818b5302a0d67dd2b007b03b26c3870287fd3"
  name = "github.com/fatih/color"
  packages = ["."]
  pruneopts = "T"
  revision = "a05da93ebe62ca9fc6791d3376ec4dad01196448"
  version = "v1.13.0"

[[projects]]
  digest = "1:1ee4c991a1e40294f6ef7890d89e838865a3847d5d68979999f1cd7ce038119b"
  name = "github.com/felixge/httpsnoop"
  packages = ["."]
  pruneopts = "T"
  revision = "ef9fc62cdc3cc5abc33d6018fe1324890bb48145"
  version = "v1.0.3"

[[projects]]
  digest = "1:b7caa7fed2bb2b2fe431010bb22aa3d9d1bc0c54f31bed833305023e0851288b"
  name = "github.com/fsnotify/fsnotify"
  packages = ["."]
  pruneopts = "T"
  revision = "0f4b979323bea7ee6677faa4a88078ec558b1b80"
  version = "v1.5.4"

[[projects]]
  digest = "1:2cd7915ab26ede7d95b8749e6b1f933f1c6d5398030684e6505940a10f31cfda"
  name = "github.com/ghodss/yaml"
  packages = ["."]
  pruneopts = "T"
  revision = "0ca9ea5df5451ffdf184b4428c902747c2c11cd7"
  version = "v1.0.0"

[[projects]]
  digest = "1:432273b5ba0e7a448e2c22d11a952a5b291620c6972c758052b5b05c759218d1"
  name = "github.com/go-openapi/analysis"
  packages = [
    ".",
    "internal/debug",
    "internal/flatten/normalize",
    "internal/flatten/operations",
    "internal/flatten/replace",
    "internal/flatten/schutils",
    "internal/flatten/sortref",
  ]
  pruneopts = "T"
  revision = "1bb0b3375104313f41a4e30ff915025261b20ed3"
  version = "v0.21.3"

[[projects]]
  digest = "1:31437fcf331febe65717525e47e659619483ab52f041194839d3b9a25a28fda7"
  name = "github.com/go-openapi/errors"
  packages = ["."]
  pruneopts = "T"
  revision = "3d13832e1baddf2d1ed8c410165cb39946f2eeef"
  version = "v0.20.2"

[[projects]]
  digest = "1:8c7cb21f096dc9588be1ce357c0bc7a072873ee424933c5d7a4b40cb7d424830"
  name = "github.com/go-openapi/inflect"
  packages = ["."]
  pruneopts = "T"
  revision = "16a898ed1f4943794fb9b0e7afb7376a7619cf21"
  version = "v0.19.0"

[[projects]]
  digest = "1:70f0ec37cff9e166c312dab2fd4ad78bc3fd08aca0ffcd5c3c768211af821915"
  name = "github.com/go-openapi/jsonpointer"
  packages = ["."]
  pruneopts = "T"
  revision = "2446e21cad36eee826e1c2380f0ff747074a2faa"
  version = "v0.19.5"

[[projects]]
  digest = "1:face663c6b715d775060cded092b7850f5eed7071a324d049d6e165d5df1ae03"
  name = "github.com/go-openapi/jsonreference"
  packages = [
    ".",
    "internal",
  ]
  pruneopts = "T"
  revision = "c5db5582e080fbeae80be42f42881230a8caebf6"
  version = "v0.20.0"

[[projects]]
  digest = "1:fde53e0a36170b1d35c8a9797da535309ef4b07fcd0a701e5e161391c5a18f01"
  name = "github.com/go-openapi/loads"
  packages = [
    ".",
    "fmts",
  ]
  pruneopts = "T"
  revision = "c2c80cd4fed4ab4bc308ec79f9000d953b9ecd82"
  version = "v0.21.1"

[[projects]]
  digest = "1:763da659a71478008ad08b91827ca69f0a39bbed1a9685004c2e4c89b20d0e78"
  name = "github.com/go-openapi/runtime"
  packages = [
    ".",
    "logger",
    "middleware",
    "middleware/denco",
    "middleware/header",
    "middleware/untyped",
    "security",
  ]
  pruneopts = "T"
  revision = "3f9800fb72fae00e99a99db505da3b330f847e8e"
  version = "v0.24.1"

[[projects]]
  digest = "1:1de8cab828ccc369258a3fe898abd1ea16016f6b5f7adb0b89b89d42559d13c5"
  name = "github.com/go-openapi/spec"
  packages = ["."]
  pruneopts = "T"
  revision = "1005cfb91978aa416cfc5a1251b790126390788a"
  version = "v0.20.6"

[[projects]]
  digest = "1:d79ef88331ab4a5bc8dba71f699b5ff7abb6e1f6081537e94543dd7a39bb7391"
  name = "github.com/go-openapi/strfmt"
  packages = ["."]
  pruneopts = "T"
  revision = "8ad3739abb0a8ae99fcc186beecba4bf048942b7"
  version = "v0.21.2"

[[projects]]
  digest = "1:6ddf7659a0ed612836587ddd1708100dbd8e0f40856fa2c03ae376a8bbadf1fa"
  name = "github.com/go-openapi/swag"
  packages = ["."]
  pruneopts = "T"
  revision = "f55deed90c3b563ee8dd3b7f68fed3e0104fc023"
  version = "v0.21.1"

[[projects]]
  digest = "1:2b511e63c252a52599532d6ba21fd06ce376043c337f9f40a205c8c4e64cc729"
  name = "github.com/go-openapi/validate"
  packages = ["."]
  pruneopts = "T"
  revision = "ae5ca9780532343cff7dc51f653621dbd9523f66"
  version = "v0.22.0"

[[projects]]
  digest = "1:a51f83b872149289260897102f7364bc412f19c119295252d3d0bda439b23d98"
  name = "github.com/go-sql-driver/mysql"
  packages = ["."]
  pruneopts = "T"
  revision = "bcc459a906419e2890a50fc2c99ea6dd927a88f2"
  version = "v1.6.0"

[[projects]]
  digest = "1:99152b4a4ec10a84e237420d278dcd04d5eb887251988951dff12a82499f3a2e"
  name = "github.com/go-stack/stack"
  packages = ["."]
  pruneopts = "T"
  revision = "93c7c7e3550c72bc91dead1452a0020142e2a902"
  version = "v1.8.1"

[[projects]]
  digest = "1:5237e9af1d1b124301a637211f04e318ec856b7f81e4a98ce1b3eecd1961f8c9"
  name = "github.com/go-swagger/go-swagger"
  packages = [
    "cmd/swagger",
    "cmd/swagger/commands",
    "cmd/swagger/commands/diff",
    "cmd/swagger/commands/generate",
    "cmd/swagger/commands/initcmd",
    "codescan",
    "generator",
    "scan",
  ]
  pruneopts = "T"
  revision = "53696caa1e8a4e5b483c87895d54eda202beb3b0"
  version = "v0.29.0"

[[projects]]
  digest = "1:9c50fb7eaa4cd7acde77ad217dc0338d57821b8ba548d1e8c214f3c0fef114b4"
  name = "github.com/golang/glog"
  packages = ["."]
  pruneopts = "T"
  revision = "9ef845f417d839250ceabbc25c1b26101e772dd7"
  version = "v1.0.0"

[[projects]]
  digest = "1:c3c1f4c4e2b60cc2a578a2007fa172e02011367acf8c9b5be55c99de6095184b"
  name = "github.com/golang/protobuf"
  packages = [
    "descriptor",
    "internal/gengogrpc",
    "jsonpb",
    "proto",
    "protoc-gen-go",
    "protoc-gen-go/descriptor",
    "protoc-gen-go/plugin",
    "ptypes",
    "ptypes/any",
    "ptypes/duration",
    "ptypes/struct",
    "ptypes/timestamp",
    "ptypes/wrappers",
  ]
  pruneopts = "T"
  revision = "ae97035608a719c7a1c1c41bed0ae0744bdb0c6f"
  version = "v1.5.2"

[[projects]]
  digest = "1:bbba45b09b3b502dc39afb36c3e9f89b9c2832b1f6d673277c97eade8875e462"
  name = "github.com/google/uuid"
  packages = ["."]
  pruneopts = "T"
  revision = "44b5fee7c49cf3bcdf723f106b36d56ef13ccc88"
  version = "v1.3.0"

[[projects]]
  digest = "1:48141d1ac8c6d43449803105323ae6801245d0f6b8574f96b53a96d054029257"
  name = "github.com/gorilla/handlers"
  packages = ["."]
  pruneopts = "T"
  revision = "d453effd20e6817a8acfd9d278dadd21371da0ba"
  version = "v1.5.1"

[[projects]]
  digest = "1:52d5b177369a4ed6ce67685f9b2a051fb92d56a900140e90a50252dff623dda2"
  name = "github.com/gosnmp/gosnmp"
  packages = ["."]
  pruneopts = "T"
  revision = "33df32e33fbd043727a4a117a0ef6f2183607113"
  version = "v1.35.0"

[[projects]]
  digest = "1:49628f00461155f68308d97672e4345c78faa0bbde072c5a78f6bd92434297e9"
  name = "github.com/grpc-ecosystem/go-grpc-prometheus"
  packages = ["."]
  pruneopts = "T"
  revision = "6b7015e65d366bf3f19b2b2a000a831940f0f7e0"
  version = "v1.1"

[[projects]]
  digest = "1:25eb0e5aa51be700d08220c81936c930e0afcc1e8952d146f7df8d72e78cbe4b"
  name = "github.com/grpc-ecosystem/grpc-gateway"
  packages = [
    "codegenerator",
    "internal",
    "internal/casing",
    "protoc-gen-grpc-gateway",
    "protoc-gen-grpc-gateway/descriptor",
    "protoc-gen-grpc-gateway/generator",
    "protoc-gen-grpc-gateway/httprule",
    "protoc-gen-grpc-gateway/internal/gengateway",
    "protoc-gen-swagger",
    "protoc-gen-swagger/genswagger",
    "protoc-gen-swagger/options",
    "runtime",
    "utilities",
  ]
  pruneopts = "T"
  revision = "094a6fe78b3ca888297d090185cdf30f0e42e157"
  version = "v1.16.0"

[[projects]]
  digest = "1:267f711e5cdbbe6c21771335d90574a24f82a750b013bc9e431bd3e731a25968"
  name = "github.com/hashicorp/consul"
  packages = ["api"]
  pruneopts = "T"
  revision = "66fb24ad933e7d9932f7a4bfc507968824a52bdc"
  version = "v1.11.6"

[[projects]]
  digest = "1:db1b20cbbb3ed54bc4780840fef2927541e2c8ed82dd116173190d79c3596577"
  name = "github.com/hashicorp/go-cleanhttp"
  packages = ["."]
  pruneopts = "T"
  revision = "6d9e2ac5d828e5f8594b97f88c4bde14a67bb6d2"
  version = "v0.5.2"

[[projects]]
  digest = "1:fa65d10c9e7b1571b3ae7711036f3a936c64e9db99f864afc19e205ca414f548"
  name = "github.com/hashicorp/go-hclog"
  packages = ["."]
  pruneopts = "T"
  revision = "fb7b65b200fe87c3aae8a4d92b099ad774d26fa8"
  version = "v1.2.1"

[[projects]]
  digest = "1:bc694f69b16c5bbf489f704ecb95f84b73c5dec6330b7fc06913dcda3edf2537"
  name = "github.com/hashicorp/go-immutable-radix"
  packages = ["."]
  pruneopts = "T"
  revision = "49d1d02c49a783de548d1ba8ae8fde466a20b9e6"
  version = "v1.3.1"

[[projects]]
  digest = "1:755147c2fcbeac0bf6572d69db4c65598e09781a773bdb44c104d68c000b403a"
  name = "github.com/hashicorp/go-rootcerts"
  packages = ["."]
  pruneopts = "T"
  revision = "98fadc2a5ba2ad2a534a179b352ecdfd1f4259aa"
  version = "v1.0.2"

[[projects]]
  digest = "1:e631368e174090a276fc00b48283f92ac4ccfbbb1945bcfcee083f5f9210dc00"
  name = "github.com/hashicorp/golang-lru"
  packages = ["simplelru"]
  pruneopts = "T"
  revision = "14eae340515388ca95aa8e7b86f0de668e981f54"
  version = "v0.5.4"

[[projects]]
  digest = "1:071bcbf82c289fba4d3f63c876bf4f0ba7eda625cd60795e0a03ccbf949e517a"
  name = "github.com/hashicorp/hcl"
  packages = [
    ".",
    "hcl/ast",
    "hcl/parser",
    "hcl/printer",
    "hcl/scanner",
    "hcl/strconv",
    "hcl/token",
    "json/parser",
    "json/scanner",
    "json/token",
  ]
  pruneopts = "T"
  revision = "8cb6e5b959231cc1119e43259c4a608f9c51a241"
  version = "v1.0.0"

[[projects]]
  digest = "1:2f57f18c299f36d832c9a0d3956a04cb79d418bdd41e6c5961295cdc6df552a8"
  name = "github.com/hashicorp/serf"
  packages = ["coordinate"]
  pruneopts = "T"
  revision = "a2bba5676d6e37953715ea10e583843793a0c507"
  version = "v0.9.8"

[[projects]]
  digest = "1:e1bf60d990d7febe28921617d5da1c08e44f882b672a29ee4848042be36b02cf"
  name = "github.com/jessevdk/go-flags"
  packages = ["."]
  pruneopts = "T"
  revision = "1878de27329cba29066dc088d84b3ce743885f82"
  version = "v1.5.0"

[[projects]]
  digest = "1:b3f2dea8fe8eadb5833f7c8a2ef35dae07308bf7a4d0fee7f37774314e1964d3"
  name = "github.com/jmespath/go-jmespath"
  packages = ["."]
  pruneopts = "T"
  revision = "c2b33e84"

[[projects]]
  digest = "1:e0b019ee3a64ce51eeb7e0097a372305ac8caf338e50adf8e4bf3b7ce928e132"
  name = "github.com/josharian/intern"
  packages = ["."]
  pruneopts = "T"
  revision = "8e6ff32b3e7c0b018c43953085fe2ac330fe9acd"
  version = "v1.0.0"

[[projects]]
  branch = "master"
  digest = "1:f433da6fbabb0bd1bd730fd340782015c644123d02eb78c20c69ce03352daad1"
  name = "github.com/kardianos/osext"
  packages = ["."]
  pruneopts = "T"
  revision = "2bc1f35cddc0cc527b4bc3dce8578fc2a6c11384"

[[projects]]
  digest = "1:82bd1b6974c139407af6ad5a7acbde56cce7c411a5de95e217cb2ce121f9924a"
  name = "github.com/kr/pretty"
  packages = ["."]
  pruneopts = "T"
  revision = "a883a8422cd235c67c6c4fdcb7bbb022143e10b1"
  version = "v0.3.0"

[[projects]]
  digest = "1:c563c23ecb602044e88f8aeb97bd84feda71296b31de629c2beb7d8233c8794d"
  name = "github.com/kr/text"
  packages = ["."]
  pruneopts = "T"
  revision = "702c74938df48b97370179f33ce2107bd7ff3b3e"
  version = "v0.2.0"

[[projects]]
  digest = "1:3d7bca578544db7ec368ec3a467fed353e6689088ef52c41ff2b7bf6db840783"
  name = "github.com/lib/pq"
  packages = [
    ".",
    "oid",
    "scram",
  ]
  pruneopts = "T"
  revision = "8c6de565f76fb5cd40a5c1b8ce583fbc3ba1bd0e"
  version = "v1.10.6"

[[projects]]
  digest = "1:d4d85954bef06f1a6b3292d324a9d5cdb55fbd21f4fc807b1ccee418c910f8c4"
  name = "github.com/magiconair/properties"
  packages = ["."]
  pruneopts = "T"
  revision = "869a5592420f4ff6ebf74500b5c658b29d973172"
  version = "v1.8.6"

[[projects]]
  digest = "1:d17c29d91b7887bd4403203c2f7ed93834301ad5ddeee7ada47369cbd3009435"
  name = "github.com/mailru/easyjson"
  packages = [
    "buffer",
    "jlexer",
    "jwriter",
  ]
  pruneopts = "T"
  revision = "c120ca7ced6051261161ce15e8f1542a4b2567fc"
  version = "v0.7.7"

[[projects]]
  digest = "1:7a5c4e52fe91f5336ef93e1147d5b0f47b2aa4d360753e3ca2113af1a02265ea"
  name = "github.com/mattn/go-colorable"
  packages = ["."]
  pruneopts = "T"
  revision = "e1bb79c8d53c38a60962ad4b8f658226cc983710"
  version = "v0.1.12"

[[projects]]
  digest = "1:e957136b907d35cedbe4c2bafce818366f728eb12da4dc2298edd612608532c0"
  name = "github.com/mattn/go-isatty"
  packages = ["."]
  pruneopts = "T"
  revision = "504425e14f742f1f517c4586048b49b37f829c8e"
  version = "v0.0.14"

[[projects]]
  digest = "1:a8e3d14801bed585908d130ebfc3b925ba642208e6f30d879437ddfc7bb9b413"
  name = "github.com/matttproud/golang_protobuf_extensions"
  packages = ["pbutil"]
  pruneopts = "T"
  revision = "c12348ce28de40eed0136aa2b644d0ee0650e56c"
  version = "v1.0.1"

[[projects]]
  digest = "1:5d231480e1c64a726869bc4142d270184c419749d34f167646baa21008eb0a79"
  name = "github.com/mitchellh/go-homedir"
  packages = ["."]
  pruneopts = "T"
  revision = "af06845cf3004701891bf4fdb884bfe4920b3727"
  version = "v1.1.0"

[[projects]]
  digest = "1:1ffbcdc6e551ca67d52d1e9fecc1eb573a3a165be0e109045f4bd271568485ea"
  name = "github.com/mitchellh/mapstructure"
  packages = ["."]
  pruneopts = "T"
  revision = "ab69d8d93410fce4361f4912bb1ff88110a81311"
  version = "v1.5.0"

[[projects]]
  digest = "1:25ab0d14aecda7d1eeba86d0e9795169bc0b5546d26e402e62a242769907fb3b"
  name = "github.com/oklog/ulid"
  packages = ["."]
  pruneopts = "T"
  revision = "be3bccf06dda9a40aa6800c4736ac77f2fef987f"
  version = "v2.0.2"

[[projects]]
  digest = "1:07f070512bbd2e850e85d76affda836d78192886291be52280fd5cec64484c05"
  name = "github.com/pelletier/go-toml"
  packages = ["."]
  pruneopts = "T"
  revision = "fed1464066413075eac02cd4dc368b5221845541"
  version = "v1.9.5"

[[projects]]
  branch = "PMM-3209-supervisord-fixes-for-pmm-managed"
  digest = "1:5aa0fd2697f43fa6b020e0e49562f82a5577d079e9997765ca236987afa5cbc4"
  name = "github.com/percona/kardianos-service"
  packages = ["."]
  pruneopts = "T"
  revision = "0ea0c37c12980df5eaab8d4bc7fe70da830d6743"

[[projects]]
  digest = "1:9e1d37b58d17113ec3cb5608ac0382313c5b59470b94ed97d0976e69c7022314"
  name = "github.com/pkg/errors"
  packages = ["."]
  pruneopts = "T"
  revision = "614d223910a179a466c1767a985424175c39b465"
  version = "v0.9.1"

[[projects]]
  digest = "1:22aa691fe0213cb5c07d103f9effebcb7ad04bee45a0ce5fe5369d0ca2ec3a1f"
  name = "github.com/pmezard/go-difflib"
  packages = ["difflib"]
  pruneopts = "T"
  revision = "792786c7400a136282c1664665ae0a8db921c6c2"
  version = "v1.0.0"

[[projects]]
  digest = "1:ab544de2a7ac55e95eed8a9e8cff9fa8aa9dbac720028611fe51b6cbfcc1bee0"
  name = "github.com/prometheus/client_golang"
  packages = [
    "prometheus",
    "prometheus/internal",
    "prometheus/promhttp",
  ]
  pruneopts = "T"
  revision = "989baa30fe956631907493ccee1f8e7708660d96"
  version = "v1.11.1"

[[projects]]
  digest = "1:ade2df4d865299d2b042955eb4fdd9d60698b26cf3da10f1138a9bfefe9cd2c6"
  name = "github.com/prometheus/client_model"
  packages = ["go"]
  pruneopts = "T"
  revision = "7bc5445566f0fe75b15de23e6b93886e982d7bf9"
  version = "v0.2.0"

[[projects]]
  digest = "1:3794654acf8c5e2624fe467472cbb90e0e14076d21f0b74c0181d2ee20f01087"
  name = "github.com/prometheus/common"
  packages = [
    "expfmt",
    "internal/bitbucket.org/ww/goautoneg",
    "model",
  ]
  pruneopts = "T"
  revision = "0ec6a33fff8b8a6950b82f03c4bfabaf61ac4813"
  version = "v0.26.0"

[[projects]]
  digest = "1:7e01891dae6accf9342c64a7c257f5b14d2249dbb04bf3e1035e3beb6f5a9e38"
  name = "github.com/prometheus/procfs"
  packages = [
    ".",
    "internal/fs",
    "internal/util",
  ]
  pruneopts = "T"
  revision = "f436cbb89ece38bf080d446b3ca27053b305eaac"
  version = "v0.7.3"

[[projects]]
  digest = "1:b966ac707f293c58ebff5689d7c240199044c5728d3df818ded0139b3256fbd5"
  name = "github.com/revel/config"
  packages = ["."]
  pruneopts = "T"
  revision = "a81c4105c36841d27e529f875b6062da7b8f986c"
  version = "v1.1.0"

[[projects]]
  digest = "1:4962827859ddcf215687664f115db56b7e914fc3fe52200e8cbcfe6bee823028"
  name = "github.com/rogpeppe/go-internal"
  packages = ["fmtsort"]
  pruneopts = "T"
  revision = "115ce09fd6b421993aafa8cdae0171429e9bd2c4"
  version = "v1.8.1"

[[projects]]
  branch = "master"
  digest = "1:4569c65681106a3915f305aaf898abb702300865d572aeabfecac6a2cf6e92ef"
  name = "github.com/shatteredsilicon/promconfig"
  packages = [
    "common/config",
    "config",
    "discovery/azure",
    "discovery/config",
    "discovery/consul",
    "discovery/dns",
    "discovery/ec2",
    "discovery/file",
    "discovery/gce",
    "discovery/kubernetes",
    "discovery/marathon",
    "discovery/openstack",
    "discovery/targetgroup",
    "discovery/triton",
    "discovery/zookeeper",
    "util/yaml",
  ]
  pruneopts = "T"
  revision = "92898df3db18a178f9731d1d68fbbe7597a2c8a3"

[[projects]]
  branch = "ssm-1.x"
  digest = "1:a33786a7a6ba4c1dfb9033450f7953457081b45ee707e7f0e8824d1bf86726c1"
  name = "github.com/shatteredsilicon/snmp_exporter"
  packages = ["config"]
  pruneopts = "T"
  revision = "f50b76c819677ac8c3a7c6b7e0e5401005616c68"

[[projects]]
  branch = "1.x"
  digest = "1:a480f885ffb34f9d5a2c761d127250c98d9357a8a77ce27c08dbb839d432c054"
  name = "github.com/shatteredsilicon/ssm"
  packages = [
    "proto",
    "proto/config",
  ]
  pruneopts = "T"
  revision = "b00aab5447e7f481eec150bc4fd6ba1137260b4f"

[[projects]]
  digest = "1:9fb5aea4972dbabf1b387366b1464e564b9d66fca5e6f1a931ea3e2661e61999"
  name = "github.com/sirupsen/logrus"
  packages = ["."]
  pruneopts = "T"
  revision = "bdc0db8ead3853c56b7cd1ac2ba4e11b47d7da6b"
  version = "v1.8.1"

[[projects]]
  digest = "1:26955bff6ec08c2cb6bc7fbaf962670d2f1e6d7dc7cc0016aa6c6496b4d9e26e"
  name = "github.com/spf13/afero"
  packages = [
    ".",
    "mem",
  ]
  pruneopts = "T"
  revision = "8d9b7958ba1cb54b94483c7effa1c4f803e00b49"
  version = "v1.8.2"

[[projects]]
  digest = "1:784ede9ebe7c005c580cdbb9d72d0f937f84d3e0936bc91f289a88696187e46c"
  name = "github.com/spf13/cast"
  packages = ["."]
  pruneopts = "T"
  revision = "2b0eb0f724e320b655240e331aef36d1175986c2"
  version = "v1.5.0"

[[projects]]
  digest = "1:1b753ec16506f5864d26a28b43703c58831255059644351bbcb019b843950900"
  name = "github.com/spf13/jwalterweatherman"
  packages = ["."]
  pruneopts = "T"
  revision = "94f6ae3ed3bceceafa716478c5fbf8d29ca601a1"
  version = "v1.1.0"

[[projects]]
  digest = "1:b9ab7e761cae4fe0e7d82fff001e2cb618d30ce5d9129bb074ebf1d847791bde"
  name = "github.com/spf13/pflag"
  packages = ["."]
  pruneopts = "T"
  revision = "2e9d26c8c37aae03e3f9d4e90b7116f5accb7cab"
  version = "v1.0.5"

[[projects]]
  digest = "1:b488e5ad0c7509ce1a6b91907a6851e51d3758e23f64984fd85feb7ec3819cad"
  name = "github.com/spf13/viper"
  packages = ["."]
  pruneopts = "T"
  revision = "f69c91abd383f6e61b17df94c1020943eefe0349"
  version = "v1.1.1"

[[projects]]
  digest = "1:664b6a0923317494dd5be434a3178f320b6006877246628409d79a43fd38be36"
  name = "github.com/stretchr/objx"
  packages = ["."]
  pruneopts = "T"
  revision = "5dbb4e6c708f7eb56fc184f7c5dd5e482b555f69"
  version = "v0.4.0"

[[projects]]
  digest = "1:cbf4c8bed733294717259f0db4a08778ebd1819b9b2dfa8c6f51e5647ce713b7"
  name = "github.com/stretchr/testify"
  packages = [
    "assert",
    "mock",
    "require",
  ]
  pruneopts = "T"
  revision = "48391ba5eb8c5f49132138e67ec112d180b88f63"
  version = "v1.7.4"

[[projects]]
  digest = "1:a7c5dd394613ae5166506781aa8176945fefb57e55658fb15569328445ec27d7"
  name = "github.com/toqueteos/webbrowser"
  packages = ["."]
  pruneopts = "T"
  revision = "61ea02ef245a3e53cac7b95223b662592f6a7bf1"
  version = "v1.2.0"

[[projects]]
  digest = "1:0cf27a4e918ae01f5e158309e679d5717a1a39571b5ba00e431d3372de527dcf"
  name = "github.com/vektra/mockery"
  packages = [
    "cmd/mockery",
    "mockery",
  ]
  pruneopts = "T"
  revision = "b91686d8be1370af45d78e3c6744216a90624df4"
  version = "v1.1.2"

[[projects]]
  digest = "1:cb4702e3d8ae4d76751a4f4fa1b2893f66b3cf9dd187048d1dfb3c7ed27bdb86"
  name = "go.mongodb.org/mongo-driver"
  packages = [
    "bson",
    "bson/bsoncodec",
    "bson/bsonoptions",
    "bson/bsonrw",
    "bson/bsontype",
    "bson/primitive",
    "x/bsonx/bsoncore",
  ]
  pruneopts = "T"
  revision = "886d852b768f98f06d976609ef5fdc00351ca405"
  version = "v1.9.1"

[[projects]]
  digest = "1:983a5838270a044c3e097c12d126f7ab0684a47f5235f465fecc5162c501dca9"
  name = "golang.org/x/mod"
  packages = [
    "internal/lazyregexp",
    "module",
    "semver",
  ]
  pruneopts = "T"
  revision = "49f84bccfd3469cb3095201f7855641bcc8eb49a"
  version = "v0.5.1"

[[projects]]
  branch = "master"
  digest = "1:4bec4f3f29576f30be497d36df46fce59436028f964d909a4fd70c8ce1e74c0d"
  name = "golang.org/x/net"
  packages = [
    "context",
    "http/httpguts",
    "http2",
    "http2/hpack",
    "idna",
    "internal/socks",
    "internal/timeseries",
    "proxy",
    "trace",
  ]
  pruneopts = "T"
  revision = "355a448f1bc9c459b279e1cf88367d58b98e186e"

[[projects]]
  branch = "master"
  digest = "1:f1e6431c6f3d86b7c54547bd8efee1928a10fee560b70933242be53809e900a4"
  name = "golang.org/x/sync"
  packages = ["errgroup"]
  pruneopts = "T"
  revision = "0de741cfad7ff3874b219dfbc1b9195b58c7c490"

[[projects]]
  branch = "master"
  digest = "1:7336eb78e2bc217930cc6fd3a9020e2366fac771c9be83c39424b6eb48b2f1a0"
  name = "golang.org/x/sys"
  packages = [
    "execabs",
    "internal/unsafeheader",
    "unix",
    "windows",
    "windows/registry",
    "windows/svc",
    "windows/svc/eventlog",
    "windows/svc/mgr",
  ]
  pruneopts = "T"
  revision = "4f61da869c0cac4042c389774ce3a1627c48b555"

[[projects]]
  digest = "1:a2f185fb5abbde4dc638dc482118b8b122264e1de39700d9421fc1ca9798d2a8"
  name = "golang.org/x/text"
  packages = [
    "collate",
    "collate/build",
    "internal/colltab",
    "internal/gen",
    "internal/language",
    "internal/language/compact",
    "internal/tag",
    "internal/triegen",
    "internal/ucd",
    "language",
    "secure/bidirule",
    "transform",
    "unicode/bidi",
    "unicode/cldr",
    "unicode/norm",
    "unicode/rangetable",
  ]
  pruneopts = "T"
  revision = "383b2e75a7a4198c42f8f87833eefb772868a56f"
  version = "v0.3.7"

[[projects]]
  digest = "1:a3e92db17f57faf194a75bf193866e12542fe4d05395ac898112ec7d76890745"
  name = "golang.org/x/tools"
  packages = [
    "go/ast/astutil",
    "go/buildutil",
    "go/gcexportdata",
    "go/internal/cgo",
    "go/internal/gcimporter",
    "go/internal/packagesdriver",
    "go/loader",
    "go/packages",
    "go/types/typeutil",
    "imports",
    "internal/event",
    "internal/event/core",
    "internal/event/keys",
    "internal/event/label",
    "internal/fastwalk",
    "internal/gocommand",
    "internal/gopathwalk",
    "internal/imports",
    "internal/packagesinternal",
    "internal/typeparams",
    "internal/typesinternal",
  ]
  pruneopts = "T"
  revision = "1d19788894f308098139d81ac980580298f45d6b"
  version = "v0.1.11"

[[projects]]
  branch = "master"
  digest = "1:81d8ffcb2ccb794348e34c4e4d773b2a1df5e38fd3c1e4c7be26f620c9ea859a"
  name = "golang.org/x/xerrors"
  packages = [
    ".",
    "internal",
  ]
  pruneopts = "T"
  revision = "65e65417b02f28de84b55f16b46a1e789149973a"

[[projects]]
  branch = "main"
  digest = "1:1b05c4132c9429b017d6fecb2ea1ed9ecaeb9580e7704fa208ea72ad3555985e"
  name = "google.golang.org/genproto"
  packages = [
    "googleapis/api/annotations",
    "googleapis/api/httpbody",
    "googleapis/rpc/status",
    "protobuf/field_mask",
  ]
  pruneopts = "T"
  revision = "180714bec0adc2a9385c935b4a0656724cb79739"

[[projects]]
  digest = "1:ac20509683be9de36a24b4b1660671d8483769b77ac25248f5c9794b1c894442"
  name = "google.golang.org/grpc"
  packages = [
    ".",
    "attributes",
    "backoff",
    "balancer",
    "balancer/base",
    "balancer/grpclb/state",
    "balancer/roundrobin",
    "binarylog/grpc_binarylog_v1",
    "channelz",
    "codes",
    "connectivity",
    "credentials",
    "credentials/insecure",
    "encoding",
    "encoding/proto",
    "grpclog",
    "internal",
    "internal/backoff",
    "internal/balancer/gracefulswitch",
    "internal/balancerload",
    "internal/binarylog",
    "internal/buffer",
    "internal/channelz",
    "internal/credentials",
    "internal/envconfig",
    "internal/grpclog",
    "internal/grpcrand",
    "internal/grpcsync",
    "internal/grpcutil",
    "internal/metadata",
    "internal/pretty",
    "internal/resolver",
    "internal/resolver/dns",
    "internal/resolver/passthrough",
    "internal/resolver/unix",
    "internal/serviceconfig",
    "internal/status",
    "internal/syscall",
    "internal/transport",
    "internal/transport/networktype",
    "keepalive",
    "metadata",
    "peer",
    "resolver",
    "serviceconfig",
    "stats",
    "status",
    "tap",
  ]
  pruneopts = "T"
  revision = "5b509df1e30a25b14dba119c09295924c9e17abe"
  version = "v1.47.0"

[[projects]]
  digest = "1:22a6472323cac7853d2c21f358f465f5f66a1a1676f3cdcfe92ae35559a7ecf7"
  name = "google.golang.org/protobuf"
  packages = [
    "cmd/protoc-gen-go/internal_gengo",
    "compiler/protogen",
    "encoding/protojson",
    "encoding/prototext",
    "encoding/protowire",
    "internal/descfmt",
    "internal/descopts",
    "internal/detrand",
    "internal/encoding/defval",
    "internal/encoding/json",
    "internal/encoding/messageset",
    "internal/encoding/tag",
    "internal/encoding/text",
    "internal/errors",
    "internal/filedesc",
    "internal/filetype",
    "internal/flags",
    "internal/genid",
    "internal/impl",
    "internal/order",
    "internal/pragma",
    "internal/set",
    "internal/strs",
    "internal/version",
    "proto",
    "reflect/protodesc",
    "reflect/protoreflect",
    "reflect/protoregistry",
    "runtime/protoiface",
    "runtime/protoimpl",
    "types/descriptorpb",
    "types/known/anypb",
    "types/known/durationpb",
    "types/known/fieldmaskpb",
    "types/known/structpb",
    "types/known/timestamppb",
    "types/known/wrapperspb",
    "types/pluginpb",
  ]
  pruneopts = "T"
  revision = "32051b4f86e54c2142c7c05362c6e96ae3454a1c"
  version = "v1.28.0"

[[projects]]
  digest = "1:af986efd6293a4ffaf5f0eb4c1982835b75747deba9eded30b1b2bb0ad1bccd8"
  name = "gopkg.in/reform.v1"
  packages = [
    ".",
    "dialects/mysql",
    "internal",
    "parse",
    "reform",
  ]
  pruneopts = "T"
  revision = "3b593741e09bdb2ac92ff1660789f9756c23e3ba"
  version = "v1.5.1"

[[projects]]
  digest = "1:5054a1f394226de9e6ddc47b0ba77e35092a4112f4a1cd9cb94aba1f5bdc3ec6"
  name = "gopkg.in/yaml.v2"
  packages = ["."]
  pruneopts = "T"
  revision = "7649d4548cb53a614db133b2a8ac1f31859dda8c"
  version = "v2.4.0"

[[projects]]
  digest = "1:7b999735d5a9d498408d35a7136b2005c82494584e81eed3716b5671c87d8e6f"
  name = "gopkg.in/yaml.v3"
  packages = ["."]
  pruneopts = "T"
  revision = "f6f7691b1fdeb513f56608cd2c32c51f8194bf51"
  version = "v3.0.1"

[solve-meta]
  analyzer-name = "dep"
  analyzer-version = 1
  input-imports = [
    "github.com/AlekSi/pointer",
    "github.com/aws/aws-sdk-go/aws",
    "github.com/aws/aws-sdk-go/aws/awserr",
    "github.com/aws/aws-sdk-go/aws/credentials",
    "github.com/aws/aws-sdk-go/aws/endpoints",
    "github.com/aws/aws-sdk-go/aws/session",
    "github.com/aws/aws-sdk-go/service/rds",
    "github.com/cespare/xxhash",
    "github.com/go-sql-driver/mysql",
    "github.com/go-swagger/go-swagger/cmd/swagger",
    "github.com/golang/protobuf/descriptor",
    "github.com/golang/protobuf/proto",
    "github.com/golang/protobuf/protoc-gen-go",
    "github.com/google/uuid",
    "github.com/grpc-ecosystem/go-grpc-prometheus",
    "github.com/grpc-ecosystem/grpc-gateway/protoc-gen-grpc-gateway",
    "github.com/grpc-ecosystem/grpc-gateway/protoc-gen-swagger",
    "github.com/grpc-ecosystem/grpc-gateway/runtime",
    "github.com/grpc-ecosystem/grpc-gateway/utilities",
    "github.com/hashicorp/consul/api",
    "github.com/lib/pq",
    "github.com/percona/kardianos-service",
    "github.com/pkg/errors",
    "github.com/pmezard/go-difflib/difflib",
    "github.com/prometheus/client_golang/prometheus/promhttp",
    "github.com/prometheus/common/model",
    "github.com/revel/config",
    "github.com/shatteredsilicon/promconfig/common/config",
    "github.com/shatteredsilicon/promconfig/config",
    "github.com/shatteredsilicon/promconfig/discovery/config",
    "github.com/shatteredsilicon/promconfig/discovery/targetgroup",
    "github.com/shatteredsilicon/snmp_exporter/config",
    "github.com/shatteredsilicon/ssm/proto",
    "github.com/shatteredsilicon/ssm/proto/config",
    "github.com/sirupsen/logrus",
    "github.com/stretchr/testify/assert",
    "github.com/stretchr/testify/mock",
    "github.com/stretchr/testify/require",
    "github.com/vektra/mockery/cmd/mockery",
    "golang.org/x/net/context",
    "golang.org/x/net/proxy",
    "golang.org/x/sync/errgroup",
    "google.golang.org/genproto/googleapis/api/annotations",
    "google.golang.org/genproto/googleapis/rpc/status",
    "google.golang.org/grpc",
    "google.golang.org/grpc/codes",
    "google.golang.org/grpc/grpclog",
    "google.golang.org/grpc/metadata",
    "google.golang.org/grpc/status",
    "google.golang.org/protobuf/reflect/protoreflect",
    "google.golang.org/protobuf/runtime/protoimpl",
    "gopkg.in/reform.v1",
    "gopkg.in/reform.v1/dialects/mysql",
    "gopkg.in/reform.v1/parse",
    "gopkg.in/reform.v1/reform",
    "gopkg.in/yaml.v2",
  ]
  solver-name = "gps-cdcl"
  solver-version = 1
